{
  "definition": "./",
  "optionals": [],
  "private": {
    "libraries": [ {
      "definition": "../",
      "hash": "fe7c7b5ac15ba8d5c9c45984831dc2e830726b33",
      "name": "Zefiros-Software/GLM",
      "repository": "https://github.com/g-truc/glm.git",
      "tag": "0.9.9.0",
      "version": "0.9.9.0",
      "versionRequirement": "^0.9.9"
    } ],
    "modules": [ {
      "definition": "https://github.com/Zefiros-Software/ZefirosDefaults.git",
      "hash": "66cac4a6aa7f109e0fb8ce9daaac9f4330307b46",
      "name": "Zefiros-Software/Defaults",
      "public": {
        "libraries": [ {
          "definition": "https://github.com/Zefiros-Software/GoogleTest.git",
          "hash": "ba96d0b1161f540656efdaed035b3c062b60e006",
          "name": "Zefiros-Software/GoogleTest",
          "repository": "https://github.com/google/googletest.git",
          "tag": "HEAD",
          "versionRequirement": "@head || ^1.0.0"
        }, {
          "definition": "https://github.com/Zefiros-Software/GoogleBenchmark.git",
          "hash": "847c0069021ade355b7678a305f3ac4e4d6f7e79",
          "name": "Zefiros-Software/GoogleBenchmark",
          "repository": "https://github.com/google/benchmark.git",
          "tag": "HEAD",
          "versionRequirement": "@head"
        } ]
      },
      "repository": "https://github.com/Zefiros-Software/ZefirosDefaults.git",
      "tag": "HEAD",
      "versionRequirement": "@head"
    } ]
  },
  "repository": "./"
}